
Microsoft Visual Studio Solution File, Format Version 12.00
# Visual Studio Version 16
VisualStudioVersion = 16.0.31702.278
MinimumVisualStudioVersion = 10.0.40219.1
Project("{FAE04EC0-301F-11D3-BF4B-00C04F79EFBC}") = "Academia_IFM02B2_Project_Service", "Academia_IFM02B2_Project_Service.csproj", "{C4A1DA4A-7853-498C-93E7-1BB9205EFE5D}"
EndProject
Global
	GlobalSection(SolutionConfigurationPlatforms) = preSolution
		Debug|Any CPU = Debug|Any CPU
		Release|Any CPU = Release|Any CPU
	EndGlobalSection
	GlobalSection(ProjectConfigurationPlatforms) = postSolution
		{C4A1DA4A-7853-498C-93E7-1BB9205EFE5D}.Debug|Any CPU.ActiveCfg = Debug|Any CPU
		{C4A1DA4A-7853-498C-93E7-1BB9205EFE5D}.Debug|Any CPU.Build.0 = Debug|Any CPU
		{C4A1DA4A-7853-498C-93E7-1BB9205EFE5D}.Release|Any CPU.ActiveCfg = Release|Any CPU
		{C4A1DA4A-7853-498C-93E7-1BB9205EFE5D}.Release|Any CPU.Build.0 = Release|Any CPU
	EndGlobalSection
	GlobalSection(SolutionProperties) = preSolution
		HideSolutionNode = FALSE
	EndGlobalSection
	GlobalSection(ExtensibilityGlobals) = postSolution
		SolutionGuid = {467E0060-DCBE-41D5-85DD-8D4133BFD617}
	EndGlobalSection
EndGlobal
